<?xml version="1.0" encoding="utf-8"?>
<Project ToolsVersion="4.0" xmlns="http://schemas.microsoft.com/developer/msbuild/2003">
  <ItemGroup>
    <Filter Include="Source Files">
      <UniqueIdentifier>{4FC737F1-C7A5-4376-A066-2A32D752A2FF}</UniqueIdentifier>
      <Extensions>cpp;c;cc;cxx;def;odl;idl;hpj;bat;asm;asmx</Extensions>
    </Filter>
    <Filter Include="Header Files">
      <UniqueIdentifier>{93995380-89BD-4b04-88EB-625FBE52EBFB}</UniqueIdentifier>
      <Extensions>h;hh;hpp;hxx;hm;inl;inc;xsd</Extensions>
    </Filter>
    <Filter Include="Resource Files">
      <UniqueIdentifier>{67DA6AB6-F800-4c08-8B7A-83BB121AAD01}</UniqueIdentifier>
      <Extensions>rc;ico;cur;bmp;dlg;rc2;rct;bin;rgs;gif;jpg;jpeg;jpe;resx;tiff;tif;png;wav;mfcribbon-ms</Extensions>
    </Filter>
    <Filter Include="Source Files\GUI">
      <UniqueIdentifier>{e04c2c01-8865-4a00-8a6a-96cd4f8427e1}</UniqueIdentifier>
    </Filter>
    <Filter Include="Source Files\Plugin">
      <UniqueIdentifier>{6fcfd7d4-ac1d-4b60-b05c-49a13a93e0ad}</UniqueIdentifier>
    </Filter>
    <Filter Include="Header Files\GUI">
      <UniqueIdentifier>{5d351355-79bd-4695-842a-3e18fa2b1aea}</UniqueIdentifier>
    </Filter>
    <Filter Include="Header Files\Plugin">
      <UniqueIdentifier>{4f65ee5a-eaaf-464d-ba87-75df355dbd8c}</UniqueIdentifier>
    </Filter>
  </ItemGroup>
  <ItemGroup>
    <ClInclude Include="source\twinpad\GUI\headers\comboGrid.h">
      <Filter>Header Files\GUI</Filter>
    </ClInclude>
    <ClInclude Include="source\twinpad\GUI\headers\events_functions.h">
      <Filter>Header Files\GUI</Filter>
    </ClInclude>
    <ClInclude Include="source\twinpad\GUI\headers\functions_gui.h">
      <Filter>Header Files\GUI</Filter>
    </ClInclude>
    <ClInclude Include="source\twinpad\GUI\headers\labels.h">
      <Filter>Header Files\GUI</Filter>
    </ClInclude>
    <ClInclude Include="source\twinpad\GUI\headers\resources.h">
      <Filter>Header Files\GUI</Filter>
    </ClInclude>
    <ClInclude Include="source\twinpad\GUI\headers\timers_functions.h">
      <Filter>Header Files\GUI</Filter>
    </ClInclude>
    <ClInclude Include="source\twinpad\GUI\headers\twinpad_gui.h">
      <Filter>Header Files\GUI</Filter>
    </ClInclude>
    <ClInclude Include="source\twinpad\plugin\headers\Callbacks.h">
      <Filter>Header Files\Plugin</Filter>
    </ClInclude>
    <ClInclude Include="source\twinpad\plugin\headers\COMBOs.h">
      <Filter>Header Files\Plugin</Filter>
    </ClInclude>
    <ClInclude Include="source\twinpad\plugin\headers\Externals.h">
      <Filter>Header Files\Plugin</Filter>
    </ClInclude>
    <ClInclude Include="source\twinpad\plugin\headers\Loading.h">
      <Filter>Header Files\Plugin</Filter>
    </ClInclude>
    <ClInclude Include="source\twinpad\plugin\headers\PS2Etypes.h">
      <Filter>Header Files\Plugin</Filter>
    </ClInclude>
    <ClInclude Include="source\twinpad\plugin\headers\TwinPad.h">
      <Filter>Header Files\Plugin</Filter>
    </ClInclude>
    <ClInclude Include="source\main.h">
      <Filter>Header Files</Filter>
    </ClInclude>
    <ClInclude Include="source\stdafx.h">
      <Filter>Header Files</Filter>
    </ClInclude>
    <ClInclude Include="source\twinpad\plugin\headers\InputManager.h">
      <Filter>Header Files\Plugin</Filter>
    </ClInclude>
  </ItemGroup>
  <ItemGroup>
    <ClCompile Include="source\twinpad\GUI\source\combo_events.cpp">
      <Filter>Source Files\GUI</Filter>
    </ClCompile>
    <ClCompile Include="source\twinpad\GUI\source\combo_gui.cpp">
      <Filter>Source Files\GUI</Filter>
    </ClCompile>
    <ClCompile Include="source\twinpad\GUI\source\events_functions.cpp">
      <Filter>Source Files\GUI</Filter>
    </ClCompile>
    <ClCompile Include="source\twinpad\GUI\source\functions_gui.cpp">
      <Filter>Source Files\GUI</Filter>
    </ClCompile>
    <ClCompile Include="source\twinpad\GUI\source\timers_functions.cpp">
      <Filter>Source Files\GUI</Filter>
    </ClCompile>
    <ClCompile Include="source\twinpad\GUI\source\twinpad_gui.cpp">
      <Filter>Source Files\GUI</Filter>
    </ClCompile>
    <ClCompile Include="source\twinpad\plugin\source\Callbacks.cpp">
      <Filter>Source Files\Plugin</Filter>
    </ClCompile>
    <ClCompile Include="source\twinpad\plugin\source\COMBOs.cpp">
      <Filter>Source Files\Plugin</Filter>
    </ClCompile>
    <ClCompile Include="source\twinpad\plugin\source\Loading.cpp">
      <Filter>Source Files\Plugin</Filter>
    </ClCompile>
    <ClCompile Include="source\twinpad\plugin\source\MouseMapping.cpp">
      <Filter>Source Files\Plugin</Filter>
    </ClCompile>
    <ClCompile Include="source\twinpad\plugin\source\TwinPad.cpp">
      <Filter>Source Files\Plugin</Filter>
    </ClCompile>
    <ClCompile Include="source\main.cpp">
      <Filter>Source Files</Filter>
    </ClCompile>
    <ClCompile Include="source\stdafx.cpp">
      <Filter>Source Files</Filter>
    </ClCompile>
    <ClCompile Include="source\twinpad\plugin\source\InputManager.cpp">
      <Filter>Source Files\Plugin</Filter>
    </ClCompile>
  </ItemGroup>
</Project>